// !$*UTF8*$!
{
	archiveVersion = 1;
	classes = {
	};
	objectVersion = 46;
	objects = {

/* Begin PBXBuildFile section */
		8204B5B317A6D92E009DAE26 /* UIKit.framework in Frameworks */ = {isa = PBXBuildFile; fileRef = 8204B5B217A6D92E009DAE26 /* UIKit.framework */; };
		8204B5B517A6D92E009DAE26 /* Foundation.framework in Frameworks */ = {isa = PBXBuildFile; fileRef = 8204B5B417A6D92E009DAE26 /* Foundation.framework */; };
		8204B5B717A6D92E009DAE26 /* CoreGraphics.framework in Frameworks */ = {isa = PBXBuildFile; fileRef = 8204B5B617A6D92E009DAE26 /* CoreGraphics.framework */; };
		8204B5BD17A6D92E009DAE26 /* InfoPlist.strings in Resources */ = {isa = PBXBuildFile; fileRef = 8204B5BB17A6D92E009DAE26 /* InfoPlist.strings */; };
		8204B5BF17A6D92E009DAE26 /* main.m in Sources */ = {isa = PBXBuildFile; fileRef = 8204B5BE17A6D92E009DAE26 /* main.m */; };
		8204B5C317A6D92E009DAE26 /* AppDelegate.m in Sources */ = {isa = PBXBuildFile; fileRef = 8204B5C217A6D92E009DAE26 /* AppDelegate.m */; };
		8204B5C517A6D92E009DAE26 /* Default.png in Resources */ = {isa = PBXBuildFile; fileRef = 8204B5C417A6D92E009DAE26 /* Default.png */; };
		8204B5C717A6D92E009DAE26 /* Default@2x.png in Resources */ = {isa = PBXBuildFile; fileRef = 8204B5C617A6D92E009DAE26 /* Default@2x.png */; };
		8204B5C917A6D92E009DAE26 /* Default-568h@2x.png in Resources */ = {isa = PBXBuildFile; fileRef = 8204B5C817A6D92E009DAE26 /* Default-568h@2x.png */; };
		8204B5CC17A6D92E009DAE26 /* ViewController.m in Sources */ = {isa = PBXBuildFile; fileRef = 8204B5CB17A6D92E009DAE26 /* ViewController.m */; };
		8204B5CF17A6D92E009DAE26 /* ViewController.xib in Resources */ = {isa = PBXBuildFile; fileRef = 8204B5CD17A6D92E009DAE26 /* ViewController.xib */; };
		8204B5D617A6DA68009DAE26 /* MapKit.framework in Frameworks */ = {isa = PBXBuildFile; fileRef = 8204B5D517A6DA68009DAE26 /* MapKit.framework */; };
		8204B5D817A6DA6E009DAE26 /* CoreLocation.framework in Frameworks */ = {isa = PBXBuildFile; fileRef = 8204B5D717A6DA6E009DAE26 /* CoreLocation.framework */; };
		8204B60E17A80F55009DAE26 /* AcademyAnnotation.m in Sources */ = {isa = PBXBuildFile; fileRef = 8204B60D17A80F55009DAE26 /* AcademyAnnotation.m */; };
/* End PBXBuildFile section */

/* Begin PBXFileReference section */
		8204B5AF17A6D92E009DAE26 /* MapIt.app */ = {isa = PBXFileReference; explicitFileType = wrapper.application; includeInIndex = 0; path = MapIt.app; sourceTree = BUILT_PRODUCTS_DIR; };
		8204B5B217A6D92E009DAE26 /* UIKit.framework */ = {isa = PBXFileReference; lastKnownFileType = wrapper.framework; name = UIKit.framework; path = System/Library/Frameworks/UIKit.framework; sourceTree = SDKROOT; };
		8204B5B417A6D92E009DAE26 /* Foundation.framework */ = {isa = PBXFileReference; lastKnownFileType = wrapper.framework; name = Foundation.framework; path = System/Library/Frameworks/Foundation.framework; sourceTree = SDKROOT; };
		8204B5B617A6D92E009DAE26 /* CoreGraphics.framework */ = {isa = PBXFileReference; lastKnownFileType = wrapper.framework; name = CoreGraphics.framework; path = System/Library/Frameworks/CoreGraphics.framework; sourceTree = SDKROOT; };
		8204B5BA17A6D92E009DAE26 /* MapIt-Info.plist */ = {isa = PBXFileReference; lastKnownFileType = text.plist.xml; path = "MapIt-Info.plist"; sourceTree = "<group>"; };
		8204B5BC17A6D92E009DAE26 /* en */ = {isa = PBXFileReference; lastKnownFileType = text.plist.strings; name = en; path = en.lproj/InfoPlist.strings; sourceTree = "<group>"; };
		8204B5BE17A6D92E009DAE26 /* main.m */ = {isa = PBXFileReference; lastKnownFileType = sourcecode.c.objc; path = main.m; sourceTree = "<group>"; };
		8204B5C017A6D92E009DAE26 /* MapIt-Prefix.pch */ = {isa = PBXFileReference; lastKnownFileType = sourcecode.c.h; path = "MapIt-Prefix.pch"; sourceTree = "<group>"; };
		8204B5C117A6D92E009DAE26 /* AppDelegate.h */ = {isa = PBXFileReference; lastKnownFileType = sourcecode.c.h; path = AppDelegate.h; sourceTree = "<group>"; };
		8204B5C217A6D92E009DAE26 /* AppDelegate.m */ = {isa = PBXFileReference; lastKnownFileType = sourcecode.c.objc; path = AppDelegate.m; sourceTree = "<group>"; };
		8204B5C417A6D92E009DAE26 /* Default.png */ = {isa = PBXFileReference; lastKnownFileType = image.png; path = Default.png; sourceTree = "<group>"; };
		8204B5C617A6D92E009DAE26 /* Default@2x.png */ = {isa = PBXFileReference; lastKnownFileType = image.png; path = "Default@2x.png"; sourceTree = "<group>"; };
		8204B5C817A6D92E009DAE26 /* Default-568h@2x.png */ = {isa = PBXFileReference; lastKnownFileType = image.png; path = "Default-568h@2x.png"; sourceTree = "<group>"; };
		8204B5CA17A6D92E009DAE26 /* ViewController.h */ = {isa = PBXFileReference; lastKnownFileType = sourcecode.c.h; path = ViewController.h; sourceTree = "<group>"; };
		8204B5CB17A6D92E009DAE26 /* ViewController.m */ = {isa = PBXFileReference; lastKnownFileType = sourcecode.c.objc; path = ViewController.m; sourceTree = "<group>"; };
		8204B5CE17A6D92E009DAE26 /* en */ = {isa = PBXFileReference; lastKnownFileType = file.xib; name = en; path = en.lproj/ViewController.xib; sourceTree = "<group>"; };
		8204B5D517A6DA68009DAE26 /* MapKit.framework */ = {isa = PBXFileReference; lastKnownFileType = wrapper.framework; name = MapKit.framework; path = System/Library/Frameworks/MapKit.framework; sourceTree = SDKROOT; };
		8204B5D717A6DA6E009DAE26 /* CoreLocation.framework */ = {isa = PBXFileReference; lastKnownFileType = wrapper.framework; name = CoreLocation.framework; path = System/Library/Frameworks/CoreLocation.framework; sourceTree = SDKROOT; };
		8204B60C17A80F55009DAE26 /* AcademyAnnotation.h */ = {isa = PBXFileReference; fileEncoding = 4; lastKnownFileType = sourcecode.c.h; path = AcademyAnnotation.h; sourceTree = "<group>"; };
		8204B60D17A80F55009DAE26 /* AcademyAnnotation.m */ = {isa = PBXFileReference; fileEncoding = 4; lastKnownFileType = sourcecode.c.objc; path = AcademyAnnotation.m; sourceTree = "<group>"; };
/* End PBXFileReference section */

/* Begin PBXFrameworksBuildPhase section */
		8204B5AC17A6D92E009DAE26 /* Frameworks */ = {
			isa = PBXFrameworksBuildPhase;
			buildActionMask = 2147483647;
			files = (
				8204B5D817A6DA6E009DAE26 /* CoreLocation.framework in Frameworks */,
				8204B5D617A6DA68009DAE26 /* MapKit.framework in Frameworks */,
				8204B5B317A6D92E009DAE26 /* UIKit.framework in Frameworks */,
				8204B5B517A6D92E009DAE26 /* Foundation.framework in Frameworks */,
				8204B5B717A6D92E009DAE26 /* CoreGraphics.framework in Frameworks */,
			);
			runOnlyForDeploymentPostprocessing = 0;
		};
/* End PBXFrameworksBuildPhase section */

/* Begin PBXGroup section */
		8204B5A617A6D92E009DAE26 = {
			isa = PBXGroup;
			children = (
				8204B5B817A6D92E009DAE26 /* MapIt */,
				8204B5B117A6D92E009DAE26 /* Frameworks */,
				8204B5B017A6D92E009DAE26 /* Products */,
			);
			sourceTree = "<group>";
		};
		8204B5B017A6D92E009DAE26 /* Products */ = {
			isa = PBXGroup;
			children = (
				8204B5AF17A6D92E009DAE26 /* MapIt.app */,
			);
			name = Products;
			sourceTree = "<group>";
		};
		8204B5B117A6D92E009DAE26 /* Frameworks */ = {
			isa = PBXGroup;
			children = (
				8204B5D717A6DA6E009DAE26 /* CoreLocation.framework */,
				8204B5D517A6DA68009DAE26 /* MapKit.framework */,
				8204B5B217A6D92E009DAE26 /* UIKit.framework */,
				8204B5B417A6D92E009DAE26 /* Foundation.framework */,
				8204B5B617A6D92E009DAE26 /* CoreGraphics.framework */,
			);
			name = Frameworks;
			sourceTree = "<group>";
		};
		8204B5B817A6D92E009DAE26 /* MapIt */ = {
			isa = PBXGroup;
			children = (
				8204B5C117A6D92E009DAE26 /* AppDelegate.h */,
				8204B5C217A6D92E009DAE26 /* AppDelegate.m */,
				8204B5CA17A6D92E009DAE26 /* ViewController.h */,
				8204B5CB17A6D92E009DAE26 /* ViewController.m */,
				8204B5CD17A6D92E009DAE26 /* ViewController.xib */,
				8204B60C17A80F55009DAE26 /* AcademyAnnotation.h */,
				8204B60D17A80F55009DAE26 /* AcademyAnnotation.m */,
				8204B5B917A6D92E009DAE26 /* Supporting Files */,
			);
			path = MapIt;
			sourceTree = "<group>";
		};
		8204B5B917A6D92E009DAE26 /* Supporting Files */ = {
			isa = PBXGroup;
			children = (
				8204B5BA17A6D92E009DAE26 /* MapIt-Info.plist */,
				8204B5BB17A6D92E009DAE26 /* InfoPlist.strings */,
				8204B5BE17A6D92E009DAE26 /* main.m */,
				8204B5C017A6D92E009DAE26 /* MapIt-Prefix.pch */,
				8204B5C417A6D92E009DAE26 /* Default.png */,
				8204B5C617A6D92E009DAE26 /* Default@2x.png */,
				8204B5C817A6D92E009DAE26 /* Default-568h@2x.png */,
			);
			name = "Supporting Files";
			sourceTree = "<group>";
		};
/* End PBXGroup section */

/* Begin PBXNativeTarget section */
		8204B5AE17A6D92E009DAE26 /* MapIt */ = {
			isa = PBXNativeTarget;
			buildConfigurationList = 8204B5D217A6D92E009DAE26 /* Build configuration list for PBXNativeTarget "MapIt" */;
			buildPhases = (
				8204B5AB17A6D92E009DAE26 /* Sources */,
				8204B5AC17A6D92E009DAE26 /* Frameworks */,
				8204B5AD17A6D92E009DAE26 /* Resources */,
			);
			buildRules = (
			);
			dependencies = (
			);
			name = MapIt;
			productName = MapIt;
			productReference = 8204B5AF17A6D92E009DAE26 /* MapIt.app */;
			productType = "com.apple.product-type.application";
		};
/* End PBXNativeTarget section */

/* Begin PBXProject section */
		8204B5A717A6D92E009DAE26 /* Project object */ = {
			isa = PBXProject;
			attributes = {
				LastUpgradeCheck = 0460;
				ORGANIZATIONNAME = MobileMakers;
			};
			buildConfigurationList = 8204B5AA17A6D92E009DAE26 /* Build configuration list for PBXProject "MapIt" */;
			compatibilityVersion = "Xcode 3.2";
			developmentRegion = English;
			hasScannedForEncodings = 0;
			knownRegions = (
				en,
			);
			mainGroup = 8204B5A617A6D92E009DAE26;
			productRefGroup = 8204B5B017A6D92E009DAE26 /* Products */;
			projectDirPath = "";
			projectRoot = "";
			targets = (
				8204B5AE17A6D92E009DAE26 /* MapIt */,
			);
		};
/* End PBXProject section */

/* Begin PBXResourcesBuildPhase section */
		8204B5AD17A6D92E009DAE26 /* Resources */ = {
			isa = PBXResourcesBuildPhase;
			buildActionMask = 2147483647;
			files = (
				8204B5BD17A6D92E009DAE26 /* InfoPlist.strings in Resources */,
				8204B5C517A6D92E009DAE26 /* Default.png in Resources */,
				8204B5C717A6D92E009DAE26 /* Default@2x.png in Resources */,
				8204B5C917A6D92E009DAE26 /* Default-568h@2x.png in Resources */,
				8204B5CF17A6D92E009DAE26 /* ViewController.xib in Resources */,
			);
			runOnlyForDeploymentPostprocessing = 0;
		};
/* End PBXResourcesBuildPhase section */

/* Begin PBXSourcesBuildPhase section */
		8204B5AB17A6D92E009DAE26 /* Sources */ = {
			isa = PBXSourcesBuildPhase;
			buildActionMask = 2147483647;
			files = (
				8204B5BF17A6D92E009DAE26 /* main.m in Sources */,
				8204B5C317A6D92E009DAE26 /* AppDelegate.m in Sources */,
				8204B5CC17A6D92E009DAE26 /* ViewController.m in Sources */,
				8204B60E17A80F55009DAE26 /* AcademyAnnotation.m in Sources */,
			);
			runOnlyForDeploymentPostprocessing = 0;
		};
/* End PBXSourcesBuildPhase section */

/* Begin PBXVariantGroup section */
		8204B5BB17A6D92E009DAE26 /* InfoPlist.strings */ = {
			isa = PBXVariantGroup;
			children = (
				8204B5BC17A6D92E009DAE26 /* en */,
			);
			name = InfoPlist.strings;
			sourceTree = "<group>";
		};
		8204B5CD17A6D92E009DAE26 /* ViewController.xib */ = {
			isa = PBXVariantGroup;
			children = (
				8204B5CE17A6D92E009DAE26 /* en */,
			);
			name = ViewController.xib;
			sourceTree = "<group>";
		};
/* End PBXVariantGroup section */

/* Begin XCBuildConfiguration section */
		8204B5D017A6D92E009DAE26 /* Debug */ = {
			isa = XCBuildConfiguration;
			buildSettings = {
				ALWAYS_SEARCH_USER_PATHS = NO;
				CLANG_CXX_LANGUAGE_STANDARD = "gnu++0x";
				CLANG_CXX_LIBRARY = "libc++";
				CLANG_ENABLE_OBJC_ARC = YES;
				CLANG_WARN_CONSTANT_CONVERSION = YES;
				CLANG_WARN_EMPTY_BODY = YES;
				CLANG_WARN_ENUM_CONVERSION = YES;
				CLANG_WARN_INT_CONVERSION = YES;
				CLANG_WARN__DUPLICATE_METHOD_MATCH = YES;
				"CODE_SIGN_IDENTITY[sdk=iphoneos*]" = "iPhone Developer";
				COPY_PHASE_STRIP = NO;
				GCC_C_LANGUAGE_STANDARD = gnu99;
				GCC_DYNAMIC_NO_PIC = NO;
				GCC_OPTIMIZATION_LEVEL = 0;
				GCC_PREPROCESSOR_DEFINITIONS = (
					"DEBUG=1",
					"$(inherited)",
				);
				GCC_SYMBOLS_PRIVATE_EXTERN = NO;
				GCC_WARN_ABOUT_RETURN_TYPE = YES;
				GCC_WARN_UNINITIALIZED_AUTOS = YES;
				GCC_WARN_UNUSED_VARIABLE = YES;
				IPHONEOS_DEPLOYMENT_TARGET = 6.1;
				ONLY_ACTIVE_ARCH = YES;
				SDKROOT = iphoneos;
			};
			name = Debug;
		};
		8204B5D117A6D92E009DAE26 /* Release */ = {
			isa = XCBuildConfiguration;
			buildSettings = {
				ALWAYS_SEARCH_USER_PATHS = NO;
				CLANG_CXX_LANGUAGE_STANDARD = "gnu++0x";
				CLANG_CXX_LIBRARY = "libc++";
				CLANG_ENABLE_OBJC_ARC = YES;
				CLANG_WARN_CONSTANT_CONVERSION = YES;
				CLANG_WARN_EMPTY_BODY = YES;
				CLANG_WARN_ENUM_CONVERSION = YES;
				CLANG_WARN_INT_CONVERSION = YES;
				CLANG_WARN__DUPLICATE_METHOD_MATCH = YES;
				"CODE_SIGN_IDENTITY[sdk=iphoneos*]" = "iPhone Developer";
				COPY_PHASE_STRIP = YES;
				GCC_C_LANGUAGE_STANDARD = gnu99;
				GCC_WARN_ABOUT_RETURN_TYPE = YES;
				GCC_WARN_UNINITIALIZED_AUTOS = YES;
				GCC_WARN_UNUSED_VARIABLE = YES;
				IPHONEOS_DEPLOYMENT_TARGET = 6.1;
				OTHER_CFLAGS = "-DNS_BLOCK_ASSERTIONS=1";
				SDKROOT = iphoneos;
				VALIDATE_PRODUCT = YES;
			};
			name = Release;
		};
		8204B5D317A6D92E009DAE26 /* Debug */ = {
			isa = XCBuildConfiguration;
			buildSettings = {
				GCC_PRECOMPILE_PREFIX_HEADER = YES;
				GCC_PREFIX_HEADER = "MapIt/MapIt-Prefix.pch";
				INFOPLIST_FILE = "MapIt/MapIt-Info.plist";
				PRODUCT_NAME = "$(TARGET_NAME)";
				WRAPPER_EXTENSION = app;
			};
			name = Debug;
		};
		8204B5D417A6D92E009DAE26 /* Release */ = {
			isa = XCBuildConfiguration;
			buildSettings = {
				GCC_PRECOMPILE_PREFIX_HEADER = YES;
				GCC_PREFIX_HEADER = "MapIt/MapIt-Prefix.pch";
				INFOPLIST_FILE = "MapIt/MapIt-Info.plist";
				PRODUCT_NAME = "$(TARGET_NAME)";
				WRAPPER_EXTENSION = app;
			};
			name = Release;
		};
/* End XCBuildConfiguration section */

/* Begin XCConfigurationList section */
		8204B5AA17A6D92E009DAE26 /* Build configuration list for PBXProject "MapIt" */ = {
			isa = XCConfigurationList;
			buildConfigurations = (
				8204B5D017A6D92E009DAE26 /* Debug */,
				8204B5D117A6D92E009DAE26 /* Release */,
			);
			defaultConfigurationIsVisible = 0;
			defaultConfigurationName = Release;
		};
		8204B5D217A6D92E009DAE26 /* Build configuration list for PBXNativeTarget "MapIt" */ = {
			isa = XCConfigurationList;
			buildConfigurations = (
				8204B5D317A6D92E009DAE26 /* Debug */,
				8204B5D417A6D92E009DAE26 /* Release */,
			);
			defaultConfigurationIsVisible = 0;
			defaultConfigurationName = Release;
		};
/* End XCConfigurationList section */
	};
	rootObject = 8204B5A717A6D92E009DAE26 /* Project object */;
}
