// !$*UTF8*$!
{
	archiveVersion = 1;
	classes = {
	};
	objectVersion = 46;
	objects = {

/* Begin PBXBuildFile section */
		8297C551179462870048E574 /* UIKit.framework in Frameworks */ = {isa = PBXBuildFile; fileRef = 8297C550179462870048E574 /* UIKit.framework */; };
		8297C553179462870048E574 /* Foundation.framework in Frameworks */ = {isa = PBXBuildFile; fileRef = 8297C552179462870048E574 /* Foundation.framework */; };
		8297C555179462870048E574 /* CoreGraphics.framework in Frameworks */ = {isa = PBXBuildFile; fileRef = 8297C554179462870048E574 /* CoreGraphics.framework */; };
		8297C55B179462870048E574 /* InfoPlist.strings in Resources */ = {isa = PBXBuildFile; fileRef = 8297C559179462870048E574 /* InfoPlist.strings */; };
		8297C55D179462870048E574 /* main.m in Sources */ = {isa = PBXBuildFile; fileRef = 8297C55C179462870048E574 /* main.m */; };
		8297C561179462870048E574 /* AppDelegate.m in Sources */ = {isa = PBXBuildFile; fileRef = 8297C560179462870048E574 /* AppDelegate.m */; };
		8297C563179462870048E574 /* Default.png in Resources */ = {isa = PBXBuildFile; fileRef = 8297C562179462870048E574 /* Default.png */; };
		8297C565179462870048E574 /* Default@2x.png in Resources */ = {isa = PBXBuildFile; fileRef = 8297C564179462870048E574 /* Default@2x.png */; };
		8297C567179462870048E574 /* Default-568h@2x.png in Resources */ = {isa = PBXBuildFile; fileRef = 8297C566179462870048E574 /* Default-568h@2x.png */; };
		8297C56A179462870048E574 /* ViewController.m in Sources */ = {isa = PBXBuildFile; fileRef = 8297C569179462870048E574 /* ViewController.m */; };
		8297C56D179462870048E574 /* ViewController.xib in Resources */ = {isa = PBXBuildFile; fileRef = 8297C56B179462870048E574 /* ViewController.xib */; };
/* End PBXBuildFile section */

/* Begin PBXFileReference section */
		8297C54D179462870048E574 /* Day5(webbrowser).app */ = {isa = PBXFileReference; explicitFileType = wrapper.application; includeInIndex = 0; path = "Day5(webbrowser).app"; sourceTree = BUILT_PRODUCTS_DIR; };
		8297C550179462870048E574 /* UIKit.framework */ = {isa = PBXFileReference; lastKnownFileType = wrapper.framework; name = UIKit.framework; path = System/Library/Frameworks/UIKit.framework; sourceTree = SDKROOT; };
		8297C552179462870048E574 /* Foundation.framework */ = {isa = PBXFileReference; lastKnownFileType = wrapper.framework; name = Foundation.framework; path = System/Library/Frameworks/Foundation.framework; sourceTree = SDKROOT; };
		8297C554179462870048E574 /* CoreGraphics.framework */ = {isa = PBXFileReference; lastKnownFileType = wrapper.framework; name = CoreGraphics.framework; path = System/Library/Frameworks/CoreGraphics.framework; sourceTree = SDKROOT; };
		8297C558179462870048E574 /* Day5(webbrowser)-Info.plist */ = {isa = PBXFileReference; lastKnownFileType = text.plist.xml; path = "Day5(webbrowser)-Info.plist"; sourceTree = "<group>"; };
		8297C55A179462870048E574 /* en */ = {isa = PBXFileReference; lastKnownFileType = text.plist.strings; name = en; path = en.lproj/InfoPlist.strings; sourceTree = "<group>"; };
		8297C55C179462870048E574 /* main.m */ = {isa = PBXFileReference; lastKnownFileType = sourcecode.c.objc; path = main.m; sourceTree = "<group>"; };
		8297C55E179462870048E574 /* Day5(webbrowser)-Prefix.pch */ = {isa = PBXFileReference; lastKnownFileType = sourcecode.c.h; path = "Day5(webbrowser)-Prefix.pch"; sourceTree = "<group>"; };
		8297C55F179462870048E574 /* AppDelegate.h */ = {isa = PBXFileReference; lastKnownFileType = sourcecode.c.h; path = AppDelegate.h; sourceTree = "<group>"; };
		8297C560179462870048E574 /* AppDelegate.m */ = {isa = PBXFileReference; lastKnownFileType = sourcecode.c.objc; path = AppDelegate.m; sourceTree = "<group>"; };
		8297C562179462870048E574 /* Default.png */ = {isa = PBXFileReference; lastKnownFileType = image.png; path = Default.png; sourceTree = "<group>"; };
		8297C564179462870048E574 /* Default@2x.png */ = {isa = PBXFileReference; lastKnownFileType = image.png; path = "Default@2x.png"; sourceTree = "<group>"; };
		8297C566179462870048E574 /* Default-568h@2x.png */ = {isa = PBXFileReference; lastKnownFileType = image.png; path = "Default-568h@2x.png"; sourceTree = "<group>"; };
		8297C568179462870048E574 /* ViewController.h */ = {isa = PBXFileReference; lastKnownFileType = sourcecode.c.h; path = ViewController.h; sourceTree = "<group>"; };
		8297C569179462870048E574 /* ViewController.m */ = {isa = PBXFileReference; lastKnownFileType = sourcecode.c.objc; path = ViewController.m; sourceTree = "<group>"; };
		8297C56C179462870048E574 /* en */ = {isa = PBXFileReference; lastKnownFileType = file.xib; name = en; path = en.lproj/ViewController.xib; sourceTree = "<group>"; };
/* End PBXFileReference section */

/* Begin PBXFrameworksBuildPhase section */
		8297C54A179462870048E574 /* Frameworks */ = {
			isa = PBXFrameworksBuildPhase;
			buildActionMask = 2147483647;
			files = (
				8297C551179462870048E574 /* UIKit.framework in Frameworks */,
				8297C553179462870048E574 /* Foundation.framework in Frameworks */,
				8297C555179462870048E574 /* CoreGraphics.framework in Frameworks */,
			);
			runOnlyForDeploymentPostprocessing = 0;
		};
/* End PBXFrameworksBuildPhase section */

/* Begin PBXGroup section */
		8297C544179462870048E574 = {
			isa = PBXGroup;
			children = (
				8297C556179462870048E574 /* Day5(webbrowser) */,
				8297C54F179462870048E574 /* Frameworks */,
				8297C54E179462870048E574 /* Products */,
			);
			sourceTree = "<group>";
		};
		8297C54E179462870048E574 /* Products */ = {
			isa = PBXGroup;
			children = (
				8297C54D179462870048E574 /* Day5(webbrowser).app */,
			);
			name = Products;
			sourceTree = "<group>";
		};
		8297C54F179462870048E574 /* Frameworks */ = {
			isa = PBXGroup;
			children = (
				8297C550179462870048E574 /* UIKit.framework */,
				8297C552179462870048E574 /* Foundation.framework */,
				8297C554179462870048E574 /* CoreGraphics.framework */,
			);
			name = Frameworks;
			sourceTree = "<group>";
		};
		8297C556179462870048E574 /* Day5(webbrowser) */ = {
			isa = PBXGroup;
			children = (
				8297C55F179462870048E574 /* AppDelegate.h */,
				8297C560179462870048E574 /* AppDelegate.m */,
				8297C568179462870048E574 /* ViewController.h */,
				8297C569179462870048E574 /* ViewController.m */,
				8297C56B179462870048E574 /* ViewController.xib */,
				8297C557179462870048E574 /* Supporting Files */,
			);
			path = "Day5(webbrowser)";
			sourceTree = "<group>";
		};
		8297C557179462870048E574 /* Supporting Files */ = {
			isa = PBXGroup;
			children = (
				8297C558179462870048E574 /* Day5(webbrowser)-Info.plist */,
				8297C559179462870048E574 /* InfoPlist.strings */,
				8297C55C179462870048E574 /* main.m */,
				8297C55E179462870048E574 /* Day5(webbrowser)-Prefix.pch */,
				8297C562179462870048E574 /* Default.png */,
				8297C564179462870048E574 /* Default@2x.png */,
				8297C566179462870048E574 /* Default-568h@2x.png */,
			);
			name = "Supporting Files";
			sourceTree = "<group>";
		};
/* End PBXGroup section */

/* Begin PBXNativeTarget section */
		8297C54C179462870048E574 /* Day5(webbrowser) */ = {
			isa = PBXNativeTarget;
			buildConfigurationList = 8297C570179462870048E574 /* Build configuration list for PBXNativeTarget "Day5(webbrowser)" */;
			buildPhases = (
				8297C549179462870048E574 /* Sources */,
				8297C54A179462870048E574 /* Frameworks */,
				8297C54B179462870048E574 /* Resources */,
			);
			buildRules = (
			);
			dependencies = (
			);
			name = "Day5(webbrowser)";
			productName = "Day5(webbrowser)";
			productReference = 8297C54D179462870048E574 /* Day5(webbrowser).app */;
			productType = "com.apple.product-type.application";
		};
/* End PBXNativeTarget section */

/* Begin PBXProject section */
		8297C545179462870048E574 /* Project object */ = {
			isa = PBXProject;
			attributes = {
				LastUpgradeCheck = 0460;
				ORGANIZATIONNAME = MobileMakers;
			};
			buildConfigurationList = 8297C548179462870048E574 /* Build configuration list for PBXProject "Day5(webbrowser)" */;
			compatibilityVersion = "Xcode 3.2";
			developmentRegion = English;
			hasScannedForEncodings = 0;
			knownRegions = (
				en,
			);
			mainGroup = 8297C544179462870048E574;
			productRefGroup = 8297C54E179462870048E574 /* Products */;
			projectDirPath = "";
			projectRoot = "";
			targets = (
				8297C54C179462870048E574 /* Day5(webbrowser) */,
			);
		};
/* End PBXProject section */

/* Begin PBXResourcesBuildPhase section */
		8297C54B179462870048E574 /* Resources */ = {
			isa = PBXResourcesBuildPhase;
			buildActionMask = 2147483647;
			files = (
				8297C55B179462870048E574 /* InfoPlist.strings in Resources */,
				8297C563179462870048E574 /* Default.png in Resources */,
				8297C565179462870048E574 /* Default@2x.png in Resources */,
				8297C567179462870048E574 /* Default-568h@2x.png in Resources */,
				8297C56D179462870048E574 /* ViewController.xib in Resources */,
			);
			runOnlyForDeploymentPostprocessing = 0;
		};
/* End PBXResourcesBuildPhase section */

/* Begin PBXSourcesBuildPhase section */
		8297C549179462870048E574 /* Sources */ = {
			isa = PBXSourcesBuildPhase;
			buildActionMask = 2147483647;
			files = (
				8297C55D179462870048E574 /* main.m in Sources */,
				8297C561179462870048E574 /* AppDelegate.m in Sources */,
				8297C56A179462870048E574 /* ViewController.m in Sources */,
			);
			runOnlyForDeploymentPostprocessing = 0;
		};
/* End PBXSourcesBuildPhase section */

/* Begin PBXVariantGroup section */
		8297C559179462870048E574 /* InfoPlist.strings */ = {
			isa = PBXVariantGroup;
			children = (
				8297C55A179462870048E574 /* en */,
			);
			name = InfoPlist.strings;
			sourceTree = "<group>";
		};
		8297C56B179462870048E574 /* ViewController.xib */ = {
			isa = PBXVariantGroup;
			children = (
				8297C56C179462870048E574 /* en */,
			);
			name = ViewController.xib;
			sourceTree = "<group>";
		};
/* End PBXVariantGroup section */

/* Begin XCBuildConfiguration section */
		8297C56E179462870048E574 /* Debug */ = {
			isa = XCBuildConfiguration;
			buildSettings = {
				ALWAYS_SEARCH_USER_PATHS = NO;
				CLANG_CXX_LANGUAGE_STANDARD = "gnu++0x";
				CLANG_CXX_LIBRARY = "libc++";
				CLANG_ENABLE_OBJC_ARC = YES;
				CLANG_WARN_CONSTANT_CONVERSION = YES;
				CLANG_WARN_EMPTY_BODY = YES;
				CLANG_WARN_ENUM_CONVERSION = YES;
				CLANG_WARN_INT_CONVERSION = YES;
				CLANG_WARN__DUPLICATE_METHOD_MATCH = YES;
				"CODE_SIGN_IDENTITY[sdk=iphoneos*]" = "iPhone Developer";
				COPY_PHASE_STRIP = NO;
				GCC_C_LANGUAGE_STANDARD = gnu99;
				GCC_DYNAMIC_NO_PIC = NO;
				GCC_OPTIMIZATION_LEVEL = 0;
				GCC_PREPROCESSOR_DEFINITIONS = (
					"DEBUG=1",
					"$(inherited)",
				);
				GCC_SYMBOLS_PRIVATE_EXTERN = NO;
				GCC_WARN_ABOUT_RETURN_TYPE = YES;
				GCC_WARN_UNINITIALIZED_AUTOS = YES;
				GCC_WARN_UNUSED_VARIABLE = YES;
				IPHONEOS_DEPLOYMENT_TARGET = 6.1;
				ONLY_ACTIVE_ARCH = YES;
				SDKROOT = iphoneos;
			};
			name = Debug;
		};
		8297C56F179462870048E574 /* Release */ = {
			isa = XCBuildConfiguration;
			buildSettings = {
				ALWAYS_SEARCH_USER_PATHS = NO;
				CLANG_CXX_LANGUAGE_STANDARD = "gnu++0x";
				CLANG_CXX_LIBRARY = "libc++";
				CLANG_ENABLE_OBJC_ARC = YES;
				CLANG_WARN_CONSTANT_CONVERSION = YES;
				CLANG_WARN_EMPTY_BODY = YES;
				CLANG_WARN_ENUM_CONVERSION = YES;
				CLANG_WARN_INT_CONVERSION = YES;
				CLANG_WARN__DUPLICATE_METHOD_MATCH = YES;
				"CODE_SIGN_IDENTITY[sdk=iphoneos*]" = "iPhone Developer";
				COPY_PHASE_STRIP = YES;
				GCC_C_LANGUAGE_STANDARD = gnu99;
				GCC_WARN_ABOUT_RETURN_TYPE = YES;
				GCC_WARN_UNINITIALIZED_AUTOS = YES;
				GCC_WARN_UNUSED_VARIABLE = YES;
				IPHONEOS_DEPLOYMENT_TARGET = 6.1;
				OTHER_CFLAGS = "-DNS_BLOCK_ASSERTIONS=1";
				SDKROOT = iphoneos;
				VALIDATE_PRODUCT = YES;
			};
			name = Release;
		};
		8297C571179462870048E574 /* Debug */ = {
			isa = XCBuildConfiguration;
			buildSettings = {
				GCC_PRECOMPILE_PREFIX_HEADER = YES;
				GCC_PREFIX_HEADER = "Day5(webbrowser)/Day5(webbrowser)-Prefix.pch";
				INFOPLIST_FILE = "Day5(webbrowser)/Day5(webbrowser)-Info.plist";
				PRODUCT_NAME = "$(TARGET_NAME)";
				WRAPPER_EXTENSION = app;
			};
			name = Debug;
		};
		8297C572179462870048E574 /* Release */ = {
			isa = XCBuildConfiguration;
			buildSettings = {
				GCC_PRECOMPILE_PREFIX_HEADER = YES;
				GCC_PREFIX_HEADER = "Day5(webbrowser)/Day5(webbrowser)-Prefix.pch";
				INFOPLIST_FILE = "Day5(webbrowser)/Day5(webbrowser)-Info.plist";
				PRODUCT_NAME = "$(TARGET_NAME)";
				WRAPPER_EXTENSION = app;
			};
			name = Release;
		};
/* End XCBuildConfiguration section */

/* Begin XCConfigurationList section */
		8297C548179462870048E574 /* Build configuration list for PBXProject "Day5(webbrowser)" */ = {
			isa = XCConfigurationList;
			buildConfigurations = (
				8297C56E179462870048E574 /* Debug */,
				8297C56F179462870048E574 /* Release */,
			);
			defaultConfigurationIsVisible = 0;
			defaultConfigurationName = Release;
		};
		8297C570179462870048E574 /* Build configuration list for PBXNativeTarget "Day5(webbrowser)" */ = {
			isa = XCConfigurationList;
			buildConfigurations = (
				8297C571179462870048E574 /* Debug */,
				8297C572179462870048E574 /* Release */,
			);
			defaultConfigurationIsVisible = 0;
		};
/* End XCConfigurationList section */
	};
	rootObject = 8297C545179462870048E574 /* Project object */;
}
