// !$*UTF8*$!
{
	archiveVersion = 1;
	classes = {
	};
	objectVersion = 46;
	objects = {

/* Begin PBXBuildFile section */
		8255892417909D3A001E18B0 /* UIKit.framework in Frameworks */ = {isa = PBXBuildFile; fileRef = 8255892317909D3A001E18B0 /* UIKit.framework */; };
		8255892617909D3A001E18B0 /* Foundation.framework in Frameworks */ = {isa = PBXBuildFile; fileRef = 8255892517909D3A001E18B0 /* Foundation.framework */; };
		8255892E17909D3A001E18B0 /* InfoPlist.strings in Resources */ = {isa = PBXBuildFile; fileRef = 8255892C17909D3A001E18B0 /* InfoPlist.strings */; };
		8255893017909D3A001E18B0 /* main.m in Sources */ = {isa = PBXBuildFile; fileRef = 8255892F17909D3A001E18B0 /* main.m */; };
		8255893417909D3A001E18B0 /* AppDelegate.m in Sources */ = {isa = PBXBuildFile; fileRef = 8255893317909D3A001E18B0 /* AppDelegate.m */; };
		8255893617909D3A001E18B0 /* Default.png in Resources */ = {isa = PBXBuildFile; fileRef = 8255893517909D3A001E18B0 /* Default.png */; };
		8255893817909D3A001E18B0 /* Default@2x.png in Resources */ = {isa = PBXBuildFile; fileRef = 8255893717909D3A001E18B0 /* Default@2x.png */; };
		8255893A17909D3B001E18B0 /* Default-568h@2x.png in Resources */ = {isa = PBXBuildFile; fileRef = 8255893917909D3A001E18B0 /* Default-568h@2x.png */; };
		8255893D17909D3B001E18B0 /* ViewController.m in Sources */ = {isa = PBXBuildFile; fileRef = 8255893C17909D3B001E18B0 /* ViewController.m */; };
		8255894017909D3B001E18B0 /* ViewController.xib in Resources */ = {isa = PBXBuildFile; fileRef = 8255893E17909D3B001E18B0 /* ViewController.xib */; };
		825589471790A0F4001E18B0 /* CoreMotion.framework in Frameworks */ = {isa = PBXBuildFile; fileRef = 825589461790A0F4001E18B0 /* CoreMotion.framework */; };
		8255894B1790A14A001E18B0 /* CoreMotion.framework in Frameworks */ = {isa = PBXBuildFile; fileRef = 8255894A1790A14A001E18B0 /* CoreMotion.framework */; };
/* End PBXBuildFile section */

/* Begin PBXFileReference section */
		8255892017909D3A001E18B0 /* AccelerometerReader.app */ = {isa = PBXFileReference; explicitFileType = wrapper.application; includeInIndex = 0; path = AccelerometerReader.app; sourceTree = BUILT_PRODUCTS_DIR; };
		8255892317909D3A001E18B0 /* UIKit.framework */ = {isa = PBXFileReference; lastKnownFileType = wrapper.framework; name = UIKit.framework; path = System/Library/Frameworks/UIKit.framework; sourceTree = SDKROOT; };
		8255892517909D3A001E18B0 /* Foundation.framework */ = {isa = PBXFileReference; lastKnownFileType = wrapper.framework; name = Foundation.framework; path = System/Library/Frameworks/Foundation.framework; sourceTree = SDKROOT; };
		8255892717909D3A001E18B0 /* CoreGraphics.framework */ = {isa = PBXFileReference; lastKnownFileType = wrapper.framework; name = CoreGraphics.framework; path = System/Library/Frameworks/CoreGraphics.framework; sourceTree = SDKROOT; };
		8255892B17909D3A001E18B0 /* AccelerometerReader-Info.plist */ = {isa = PBXFileReference; lastKnownFileType = text.plist.xml; path = "AccelerometerReader-Info.plist"; sourceTree = "<group>"; };
		8255892D17909D3A001E18B0 /* en */ = {isa = PBXFileReference; lastKnownFileType = text.plist.strings; name = en; path = en.lproj/InfoPlist.strings; sourceTree = "<group>"; };
		8255892F17909D3A001E18B0 /* main.m */ = {isa = PBXFileReference; lastKnownFileType = sourcecode.c.objc; path = main.m; sourceTree = "<group>"; };
		8255893117909D3A001E18B0 /* AccelerometerReader-Prefix.pch */ = {isa = PBXFileReference; lastKnownFileType = sourcecode.c.h; path = "AccelerometerReader-Prefix.pch"; sourceTree = "<group>"; };
		8255893217909D3A001E18B0 /* AppDelegate.h */ = {isa = PBXFileReference; lastKnownFileType = sourcecode.c.h; path = AppDelegate.h; sourceTree = "<group>"; };
		8255893317909D3A001E18B0 /* AppDelegate.m */ = {isa = PBXFileReference; lastKnownFileType = sourcecode.c.objc; path = AppDelegate.m; sourceTree = "<group>"; };
		8255893517909D3A001E18B0 /* Default.png */ = {isa = PBXFileReference; lastKnownFileType = image.png; path = Default.png; sourceTree = "<group>"; };
		8255893717909D3A001E18B0 /* Default@2x.png */ = {isa = PBXFileReference; lastKnownFileType = image.png; path = "Default@2x.png"; sourceTree = "<group>"; };
		8255893917909D3A001E18B0 /* Default-568h@2x.png */ = {isa = PBXFileReference; lastKnownFileType = image.png; path = "Default-568h@2x.png"; sourceTree = "<group>"; };
		8255893B17909D3B001E18B0 /* ViewController.h */ = {isa = PBXFileReference; lastKnownFileType = sourcecode.c.h; path = ViewController.h; sourceTree = "<group>"; };
		8255893C17909D3B001E18B0 /* ViewController.m */ = {isa = PBXFileReference; lastKnownFileType = sourcecode.c.objc; path = ViewController.m; sourceTree = "<group>"; };
		8255893F17909D3B001E18B0 /* en */ = {isa = PBXFileReference; lastKnownFileType = file.xib; name = en; path = en.lproj/ViewController.xib; sourceTree = "<group>"; };
		825589461790A0F4001E18B0 /* CoreMotion.framework */ = {isa = PBXFileReference; lastKnownFileType = wrapper.framework; name = CoreMotion.framework; path = System/Library/Frameworks/CoreMotion.framework; sourceTree = SDKROOT; };
		8255894A1790A14A001E18B0 /* CoreMotion.framework */ = {isa = PBXFileReference; lastKnownFileType = wrapper.framework; name = CoreMotion.framework; path = System/Library/Frameworks/CoreMotion.framework; sourceTree = SDKROOT; };
/* End PBXFileReference section */

/* Begin PBXFrameworksBuildPhase section */
		8255891D17909D3A001E18B0 /* Frameworks */ = {
			isa = PBXFrameworksBuildPhase;
			buildActionMask = 2147483647;
			files = (
				825589471790A0F4001E18B0 /* CoreMotion.framework in Frameworks */,
				8255892417909D3A001E18B0 /* UIKit.framework in Frameworks */,
				8255892617909D3A001E18B0 /* Foundation.framework in Frameworks */,
				8255894B1790A14A001E18B0 /* CoreMotion.framework in Frameworks */,
			);
			runOnlyForDeploymentPostprocessing = 0;
		};
/* End PBXFrameworksBuildPhase section */

/* Begin PBXGroup section */
		8255891717909D3A001E18B0 = {
			isa = PBXGroup;
			children = (
				8255892917909D3A001E18B0 /* AccelerometerReader */,
				8255892217909D3A001E18B0 /* Frameworks */,
				8255892117909D3A001E18B0 /* Products */,
			);
			sourceTree = "<group>";
		};
		8255892117909D3A001E18B0 /* Products */ = {
			isa = PBXGroup;
			children = (
				8255892017909D3A001E18B0 /* AccelerometerReader.app */,
			);
			name = Products;
			sourceTree = "<group>";
		};
		8255892217909D3A001E18B0 /* Frameworks */ = {
			isa = PBXGroup;
			children = (
				825589461790A0F4001E18B0 /* CoreMotion.framework */,
				8255894A1790A14A001E18B0 /* CoreMotion.framework */,
				8255892317909D3A001E18B0 /* UIKit.framework */,
				8255892517909D3A001E18B0 /* Foundation.framework */,
				8255892717909D3A001E18B0 /* CoreGraphics.framework */,
			);
			name = Frameworks;
			sourceTree = "<group>";
		};
		8255892917909D3A001E18B0 /* AccelerometerReader */ = {
			isa = PBXGroup;
			children = (
				8255893217909D3A001E18B0 /* AppDelegate.h */,
				8255893317909D3A001E18B0 /* AppDelegate.m */,
				8255893B17909D3B001E18B0 /* ViewController.h */,
				8255893C17909D3B001E18B0 /* ViewController.m */,
				8255893E17909D3B001E18B0 /* ViewController.xib */,
				8255892A17909D3A001E18B0 /* Supporting Files */,
			);
			path = AccelerometerReader;
			sourceTree = "<group>";
		};
		8255892A17909D3A001E18B0 /* Supporting Files */ = {
			isa = PBXGroup;
			children = (
				8255892B17909D3A001E18B0 /* AccelerometerReader-Info.plist */,
				8255892C17909D3A001E18B0 /* InfoPlist.strings */,
				8255892F17909D3A001E18B0 /* main.m */,
				8255893117909D3A001E18B0 /* AccelerometerReader-Prefix.pch */,
				8255893517909D3A001E18B0 /* Default.png */,
				8255893717909D3A001E18B0 /* Default@2x.png */,
				8255893917909D3A001E18B0 /* Default-568h@2x.png */,
			);
			name = "Supporting Files";
			sourceTree = "<group>";
		};
/* End PBXGroup section */

/* Begin PBXNativeTarget section */
		8255891F17909D3A001E18B0 /* AccelerometerReader */ = {
			isa = PBXNativeTarget;
			buildConfigurationList = 8255894317909D3B001E18B0 /* Build configuration list for PBXNativeTarget "AccelerometerReader" */;
			buildPhases = (
				8255891C17909D3A001E18B0 /* Sources */,
				8255891D17909D3A001E18B0 /* Frameworks */,
				8255891E17909D3A001E18B0 /* Resources */,
			);
			buildRules = (
			);
			dependencies = (
			);
			name = AccelerometerReader;
			productName = AccelerometerReader;
			productReference = 8255892017909D3A001E18B0 /* AccelerometerReader.app */;
			productType = "com.apple.product-type.application";
		};
/* End PBXNativeTarget section */

/* Begin PBXProject section */
		8255891817909D3A001E18B0 /* Project object */ = {
			isa = PBXProject;
			attributes = {
				LastUpgradeCheck = 0460;
				ORGANIZATIONNAME = MobileMakers;
			};
			buildConfigurationList = 8255891B17909D3A001E18B0 /* Build configuration list for PBXProject "AccelerometerReader" */;
			compatibilityVersion = "Xcode 3.2";
			developmentRegion = English;
			hasScannedForEncodings = 0;
			knownRegions = (
				en,
			);
			mainGroup = 8255891717909D3A001E18B0;
			productRefGroup = 8255892117909D3A001E18B0 /* Products */;
			projectDirPath = "";
			projectRoot = "";
			targets = (
				8255891F17909D3A001E18B0 /* AccelerometerReader */,
			);
		};
/* End PBXProject section */

/* Begin PBXResourcesBuildPhase section */
		8255891E17909D3A001E18B0 /* Resources */ = {
			isa = PBXResourcesBuildPhase;
			buildActionMask = 2147483647;
			files = (
				8255892E17909D3A001E18B0 /* InfoPlist.strings in Resources */,
				8255893617909D3A001E18B0 /* Default.png in Resources */,
				8255893817909D3A001E18B0 /* Default@2x.png in Resources */,
				8255893A17909D3B001E18B0 /* Default-568h@2x.png in Resources */,
				8255894017909D3B001E18B0 /* ViewController.xib in Resources */,
			);
			runOnlyForDeploymentPostprocessing = 0;
		};
/* End PBXResourcesBuildPhase section */

/* Begin PBXSourcesBuildPhase section */
		8255891C17909D3A001E18B0 /* Sources */ = {
			isa = PBXSourcesBuildPhase;
			buildActionMask = 2147483647;
			files = (
				8255893017909D3A001E18B0 /* main.m in Sources */,
				8255893417909D3A001E18B0 /* AppDelegate.m in Sources */,
				8255893D17909D3B001E18B0 /* ViewController.m in Sources */,
			);
			runOnlyForDeploymentPostprocessing = 0;
		};
/* End PBXSourcesBuildPhase section */

/* Begin PBXVariantGroup section */
		8255892C17909D3A001E18B0 /* InfoPlist.strings */ = {
			isa = PBXVariantGroup;
			children = (
				8255892D17909D3A001E18B0 /* en */,
			);
			name = InfoPlist.strings;
			sourceTree = "<group>";
		};
		8255893E17909D3B001E18B0 /* ViewController.xib */ = {
			isa = PBXVariantGroup;
			children = (
				8255893F17909D3B001E18B0 /* en */,
			);
			name = ViewController.xib;
			sourceTree = "<group>";
		};
/* End PBXVariantGroup section */

/* Begin XCBuildConfiguration section */
		8255894117909D3B001E18B0 /* Debug */ = {
			isa = XCBuildConfiguration;
			buildSettings = {
				ALWAYS_SEARCH_USER_PATHS = NO;
				CLANG_CXX_LANGUAGE_STANDARD = "gnu++0x";
				CLANG_CXX_LIBRARY = "libc++";
				CLANG_ENABLE_OBJC_ARC = YES;
				CLANG_WARN_CONSTANT_CONVERSION = YES;
				CLANG_WARN_EMPTY_BODY = YES;
				CLANG_WARN_ENUM_CONVERSION = YES;
				CLANG_WARN_INT_CONVERSION = YES;
				CLANG_WARN__DUPLICATE_METHOD_MATCH = YES;
				"CODE_SIGN_IDENTITY[sdk=iphoneos*]" = "iPhone Developer";
				COPY_PHASE_STRIP = NO;
				GCC_C_LANGUAGE_STANDARD = gnu99;
				GCC_DYNAMIC_NO_PIC = NO;
				GCC_OPTIMIZATION_LEVEL = 0;
				GCC_PREPROCESSOR_DEFINITIONS = (
					"DEBUG=1",
					"$(inherited)",
				);
				GCC_SYMBOLS_PRIVATE_EXTERN = NO;
				GCC_WARN_ABOUT_RETURN_TYPE = YES;
				GCC_WARN_UNINITIALIZED_AUTOS = YES;
				GCC_WARN_UNUSED_VARIABLE = YES;
				IPHONEOS_DEPLOYMENT_TARGET = 6.1;
				ONLY_ACTIVE_ARCH = YES;
				SDKROOT = iphoneos;
			};
			name = Debug;
		};
		8255894217909D3B001E18B0 /* Release */ = {
			isa = XCBuildConfiguration;
			buildSettings = {
				ALWAYS_SEARCH_USER_PATHS = NO;
				CLANG_CXX_LANGUAGE_STANDARD = "gnu++0x";
				CLANG_CXX_LIBRARY = "libc++";
				CLANG_ENABLE_OBJC_ARC = YES;
				CLANG_WARN_CONSTANT_CONVERSION = YES;
				CLANG_WARN_EMPTY_BODY = YES;
				CLANG_WARN_ENUM_CONVERSION = YES;
				CLANG_WARN_INT_CONVERSION = YES;
				CLANG_WARN__DUPLICATE_METHOD_MATCH = YES;
				"CODE_SIGN_IDENTITY[sdk=iphoneos*]" = "iPhone Developer";
				COPY_PHASE_STRIP = YES;
				GCC_C_LANGUAGE_STANDARD = gnu99;
				GCC_WARN_ABOUT_RETURN_TYPE = YES;
				GCC_WARN_UNINITIALIZED_AUTOS = YES;
				GCC_WARN_UNUSED_VARIABLE = YES;
				IPHONEOS_DEPLOYMENT_TARGET = 6.1;
				OTHER_CFLAGS = "-DNS_BLOCK_ASSERTIONS=1";
				SDKROOT = iphoneos;
				VALIDATE_PRODUCT = YES;
			};
			name = Release;
		};
		8255894417909D3B001E18B0 /* Debug */ = {
			isa = XCBuildConfiguration;
			buildSettings = {
				GCC_PRECOMPILE_PREFIX_HEADER = YES;
				GCC_PREFIX_HEADER = "AccelerometerReader/AccelerometerReader-Prefix.pch";
				INFOPLIST_FILE = "AccelerometerReader/AccelerometerReader-Info.plist";
				IPHONEOS_DEPLOYMENT_TARGET = 5.1;
				PRODUCT_NAME = "$(TARGET_NAME)";
				WRAPPER_EXTENSION = app;
			};
			name = Debug;
		};
		8255894517909D3B001E18B0 /* Release */ = {
			isa = XCBuildConfiguration;
			buildSettings = {
				GCC_PRECOMPILE_PREFIX_HEADER = YES;
				GCC_PREFIX_HEADER = "AccelerometerReader/AccelerometerReader-Prefix.pch";
				INFOPLIST_FILE = "AccelerometerReader/AccelerometerReader-Info.plist";
				IPHONEOS_DEPLOYMENT_TARGET = 5.1;
				PRODUCT_NAME = "$(TARGET_NAME)";
				WRAPPER_EXTENSION = app;
			};
			name = Release;
		};
/* End XCBuildConfiguration section */

/* Begin XCConfigurationList section */
		8255891B17909D3A001E18B0 /* Build configuration list for PBXProject "AccelerometerReader" */ = {
			isa = XCConfigurationList;
			buildConfigurations = (
				8255894117909D3B001E18B0 /* Debug */,
				8255894217909D3B001E18B0 /* Release */,
			);
			defaultConfigurationIsVisible = 0;
			defaultConfigurationName = Release;
		};
		8255894317909D3B001E18B0 /* Build configuration list for PBXNativeTarget "AccelerometerReader" */ = {
			isa = XCConfigurationList;
			buildConfigurations = (
				8255894417909D3B001E18B0 /* Debug */,
				8255894517909D3B001E18B0 /* Release */,
			);
			defaultConfigurationIsVisible = 0;
			defaultConfigurationName = Release;
		};
/* End XCConfigurationList section */
	};
	rootObject = 8255891817909D3A001E18B0 /* Project object */;
}
