// !$*UTF8*$!
{
	archiveVersion = 1;
	classes = {
	};
	objectVersion = 46;
	objects = {

/* Begin PBXBuildFile section */
		82308DE61790F47A00B61DB2 /* UIKit.framework in Frameworks */ = {isa = PBXBuildFile; fileRef = 82308DE51790F47A00B61DB2 /* UIKit.framework */; };
		82308DE81790F47A00B61DB2 /* Foundation.framework in Frameworks */ = {isa = PBXBuildFile; fileRef = 82308DE71790F47A00B61DB2 /* Foundation.framework */; };
		82308DEA1790F47A00B61DB2 /* CoreGraphics.framework in Frameworks */ = {isa = PBXBuildFile; fileRef = 82308DE91790F47A00B61DB2 /* CoreGraphics.framework */; };
		82308DF01790F47A00B61DB2 /* InfoPlist.strings in Resources */ = {isa = PBXBuildFile; fileRef = 82308DEE1790F47A00B61DB2 /* InfoPlist.strings */; };
		82308DF21790F47A00B61DB2 /* main.m in Sources */ = {isa = PBXBuildFile; fileRef = 82308DF11790F47A00B61DB2 /* main.m */; };
		82308DF61790F47A00B61DB2 /* AppDelegate.m in Sources */ = {isa = PBXBuildFile; fileRef = 82308DF51790F47A00B61DB2 /* AppDelegate.m */; };
		82308DF81790F47A00B61DB2 /* Default.png in Resources */ = {isa = PBXBuildFile; fileRef = 82308DF71790F47A00B61DB2 /* Default.png */; };
		82308DFA1790F47A00B61DB2 /* Default@2x.png in Resources */ = {isa = PBXBuildFile; fileRef = 82308DF91790F47A00B61DB2 /* Default@2x.png */; };
		82308DFC1790F47A00B61DB2 /* Default-568h@2x.png in Resources */ = {isa = PBXBuildFile; fileRef = 82308DFB1790F47A00B61DB2 /* Default-568h@2x.png */; };
		82308DFF1790F47A00B61DB2 /* ViewController.m in Sources */ = {isa = PBXBuildFile; fileRef = 82308DFE1790F47A00B61DB2 /* ViewController.m */; };
		82308E021790F47A00B61DB2 /* ViewController.xib in Resources */ = {isa = PBXBuildFile; fileRef = 82308E001790F47A00B61DB2 /* ViewController.xib */; };
		8297C5041793B2AA0048E574 /* DigitalFont.ttf in Resources */ = {isa = PBXBuildFile; fileRef = 8297C5031793B2AA0048E574 /* DigitalFont.ttf */; };
		8297C5061793B4580048E574 /* DigitalRegular.ttf in Resources */ = {isa = PBXBuildFile; fileRef = 8297C5051793B4580048E574 /* DigitalRegular.ttf */; };
		8297C5081793BAA10048E574 /* AtomicClockRadio.ttf in Resources */ = {isa = PBXBuildFile; fileRef = 8297C5071793BAA10048E574 /* AtomicClockRadio.ttf */; };
/* End PBXBuildFile section */

/* Begin PBXFileReference section */
		82308DE21790F47A00B61DB2 /* CantStop.app */ = {isa = PBXFileReference; explicitFileType = wrapper.application; includeInIndex = 0; path = CantStop.app; sourceTree = BUILT_PRODUCTS_DIR; };
		82308DE51790F47A00B61DB2 /* UIKit.framework */ = {isa = PBXFileReference; lastKnownFileType = wrapper.framework; name = UIKit.framework; path = System/Library/Frameworks/UIKit.framework; sourceTree = SDKROOT; };
		82308DE71790F47A00B61DB2 /* Foundation.framework */ = {isa = PBXFileReference; lastKnownFileType = wrapper.framework; name = Foundation.framework; path = System/Library/Frameworks/Foundation.framework; sourceTree = SDKROOT; };
		82308DE91790F47A00B61DB2 /* CoreGraphics.framework */ = {isa = PBXFileReference; lastKnownFileType = wrapper.framework; name = CoreGraphics.framework; path = System/Library/Frameworks/CoreGraphics.framework; sourceTree = SDKROOT; };
		82308DED1790F47A00B61DB2 /* CantStop-Info.plist */ = {isa = PBXFileReference; lastKnownFileType = text.plist.xml; path = "CantStop-Info.plist"; sourceTree = "<group>"; };
		82308DEF1790F47A00B61DB2 /* en */ = {isa = PBXFileReference; lastKnownFileType = text.plist.strings; name = en; path = en.lproj/InfoPlist.strings; sourceTree = "<group>"; };
		82308DF11790F47A00B61DB2 /* main.m */ = {isa = PBXFileReference; lastKnownFileType = sourcecode.c.objc; path = main.m; sourceTree = "<group>"; };
		82308DF31790F47A00B61DB2 /* CantStop-Prefix.pch */ = {isa = PBXFileReference; lastKnownFileType = sourcecode.c.h; path = "CantStop-Prefix.pch"; sourceTree = "<group>"; };
		82308DF41790F47A00B61DB2 /* AppDelegate.h */ = {isa = PBXFileReference; lastKnownFileType = sourcecode.c.h; path = AppDelegate.h; sourceTree = "<group>"; };
		82308DF51790F47A00B61DB2 /* AppDelegate.m */ = {isa = PBXFileReference; lastKnownFileType = sourcecode.c.objc; path = AppDelegate.m; sourceTree = "<group>"; };
		82308DF71790F47A00B61DB2 /* Default.png */ = {isa = PBXFileReference; lastKnownFileType = image.png; path = Default.png; sourceTree = "<group>"; };
		82308DF91790F47A00B61DB2 /* Default@2x.png */ = {isa = PBXFileReference; lastKnownFileType = image.png; path = "Default@2x.png"; sourceTree = "<group>"; };
		82308DFB1790F47A00B61DB2 /* Default-568h@2x.png */ = {isa = PBXFileReference; lastKnownFileType = image.png; path = "Default-568h@2x.png"; sourceTree = "<group>"; };
		82308DFD1790F47A00B61DB2 /* ViewController.h */ = {isa = PBXFileReference; lastKnownFileType = sourcecode.c.h; path = ViewController.h; sourceTree = "<group>"; };
		82308DFE1790F47A00B61DB2 /* ViewController.m */ = {isa = PBXFileReference; lastKnownFileType = sourcecode.c.objc; path = ViewController.m; sourceTree = "<group>"; };
		82308E011790F47A00B61DB2 /* en */ = {isa = PBXFileReference; lastKnownFileType = file.xib; name = en; path = en.lproj/ViewController.xib; sourceTree = "<group>"; };
		8297C5031793B2AA0048E574 /* DigitalFont.ttf */ = {isa = PBXFileReference; lastKnownFileType = file; name = DigitalFont.ttf; path = ../../../../../Downloads/ds_digital/DigitalFont.ttf; sourceTree = "<group>"; };
		8297C5051793B4580048E574 /* DigitalRegular.ttf */ = {isa = PBXFileReference; lastKnownFileType = file; name = DigitalRegular.ttf; path = ../../../../../Downloads/DigitalRegular.ttf; sourceTree = "<group>"; };
		8297C5071793BAA10048E574 /* AtomicClockRadio.ttf */ = {isa = PBXFileReference; lastKnownFileType = file; name = AtomicClockRadio.ttf; path = ../../../../../Downloads/AtomicClockRadio.ttf; sourceTree = "<group>"; };
/* End PBXFileReference section */

/* Begin PBXFrameworksBuildPhase section */
		82308DDF1790F47A00B61DB2 /* Frameworks */ = {
			isa = PBXFrameworksBuildPhase;
			buildActionMask = 2147483647;
			files = (
				82308DE61790F47A00B61DB2 /* UIKit.framework in Frameworks */,
				82308DE81790F47A00B61DB2 /* Foundation.framework in Frameworks */,
				82308DEA1790F47A00B61DB2 /* CoreGraphics.framework in Frameworks */,
			);
			runOnlyForDeploymentPostprocessing = 0;
		};
/* End PBXFrameworksBuildPhase section */

/* Begin PBXGroup section */
		82308DD91790F47A00B61DB2 = {
			isa = PBXGroup;
			children = (
				82308DEB1790F47A00B61DB2 /* CantStop */,
				82308DE41790F47A00B61DB2 /* Frameworks */,
				82308DE31790F47A00B61DB2 /* Products */,
			);
			sourceTree = "<group>";
		};
		82308DE31790F47A00B61DB2 /* Products */ = {
			isa = PBXGroup;
			children = (
				82308DE21790F47A00B61DB2 /* CantStop.app */,
			);
			name = Products;
			sourceTree = "<group>";
		};
		82308DE41790F47A00B61DB2 /* Frameworks */ = {
			isa = PBXGroup;
			children = (
				82308DE51790F47A00B61DB2 /* UIKit.framework */,
				82308DE71790F47A00B61DB2 /* Foundation.framework */,
				82308DE91790F47A00B61DB2 /* CoreGraphics.framework */,
			);
			name = Frameworks;
			sourceTree = "<group>";
		};
		82308DEB1790F47A00B61DB2 /* CantStop */ = {
			isa = PBXGroup;
			children = (
				82308DF41790F47A00B61DB2 /* AppDelegate.h */,
				82308DF51790F47A00B61DB2 /* AppDelegate.m */,
				82308DFD1790F47A00B61DB2 /* ViewController.h */,
				82308DFE1790F47A00B61DB2 /* ViewController.m */,
				82308E001790F47A00B61DB2 /* ViewController.xib */,
				82308DEC1790F47A00B61DB2 /* Supporting Files */,
			);
			path = CantStop;
			sourceTree = "<group>";
		};
		82308DEC1790F47A00B61DB2 /* Supporting Files */ = {
			isa = PBXGroup;
			children = (
				8297C5071793BAA10048E574 /* AtomicClockRadio.ttf */,
				8297C5051793B4580048E574 /* DigitalRegular.ttf */,
				8297C5031793B2AA0048E574 /* DigitalFont.ttf */,
				82308DED1790F47A00B61DB2 /* CantStop-Info.plist */,
				82308DEE1790F47A00B61DB2 /* InfoPlist.strings */,
				82308DF11790F47A00B61DB2 /* main.m */,
				82308DF31790F47A00B61DB2 /* CantStop-Prefix.pch */,
				82308DF71790F47A00B61DB2 /* Default.png */,
				82308DF91790F47A00B61DB2 /* Default@2x.png */,
				82308DFB1790F47A00B61DB2 /* Default-568h@2x.png */,
			);
			name = "Supporting Files";
			sourceTree = "<group>";
		};
/* End PBXGroup section */

/* Begin PBXNativeTarget section */
		82308DE11790F47A00B61DB2 /* CantStop */ = {
			isa = PBXNativeTarget;
			buildConfigurationList = 82308E051790F47A00B61DB2 /* Build configuration list for PBXNativeTarget "CantStop" */;
			buildPhases = (
				82308DDE1790F47A00B61DB2 /* Sources */,
				82308DDF1790F47A00B61DB2 /* Frameworks */,
				82308DE01790F47A00B61DB2 /* Resources */,
			);
			buildRules = (
			);
			dependencies = (
			);
			name = CantStop;
			productName = CantStop;
			productReference = 82308DE21790F47A00B61DB2 /* CantStop.app */;
			productType = "com.apple.product-type.application";
		};
/* End PBXNativeTarget section */

/* Begin PBXProject section */
		82308DDA1790F47A00B61DB2 /* Project object */ = {
			isa = PBXProject;
			attributes = {
				LastUpgradeCheck = 0460;
				ORGANIZATIONNAME = MobileMakers;
			};
			buildConfigurationList = 82308DDD1790F47A00B61DB2 /* Build configuration list for PBXProject "CantStop" */;
			compatibilityVersion = "Xcode 3.2";
			developmentRegion = English;
			hasScannedForEncodings = 0;
			knownRegions = (
				en,
			);
			mainGroup = 82308DD91790F47A00B61DB2;
			productRefGroup = 82308DE31790F47A00B61DB2 /* Products */;
			projectDirPath = "";
			projectRoot = "";
			targets = (
				82308DE11790F47A00B61DB2 /* CantStop */,
			);
		};
/* End PBXProject section */

/* Begin PBXResourcesBuildPhase section */
		82308DE01790F47A00B61DB2 /* Resources */ = {
			isa = PBXResourcesBuildPhase;
			buildActionMask = 2147483647;
			files = (
				82308DF01790F47A00B61DB2 /* InfoPlist.strings in Resources */,
				82308DF81790F47A00B61DB2 /* Default.png in Resources */,
				82308DFA1790F47A00B61DB2 /* Default@2x.png in Resources */,
				82308DFC1790F47A00B61DB2 /* Default-568h@2x.png in Resources */,
				82308E021790F47A00B61DB2 /* ViewController.xib in Resources */,
				8297C5041793B2AA0048E574 /* DigitalFont.ttf in Resources */,
				8297C5061793B4580048E574 /* DigitalRegular.ttf in Resources */,
				8297C5081793BAA10048E574 /* AtomicClockRadio.ttf in Resources */,
			);
			runOnlyForDeploymentPostprocessing = 0;
		};
/* End PBXResourcesBuildPhase section */

/* Begin PBXSourcesBuildPhase section */
		82308DDE1790F47A00B61DB2 /* Sources */ = {
			isa = PBXSourcesBuildPhase;
			buildActionMask = 2147483647;
			files = (
				82308DF21790F47A00B61DB2 /* main.m in Sources */,
				82308DF61790F47A00B61DB2 /* AppDelegate.m in Sources */,
				82308DFF1790F47A00B61DB2 /* ViewController.m in Sources */,
			);
			runOnlyForDeploymentPostprocessing = 0;
		};
/* End PBXSourcesBuildPhase section */

/* Begin PBXVariantGroup section */
		82308DEE1790F47A00B61DB2 /* InfoPlist.strings */ = {
			isa = PBXVariantGroup;
			children = (
				82308DEF1790F47A00B61DB2 /* en */,
			);
			name = InfoPlist.strings;
			sourceTree = "<group>";
		};
		82308E001790F47A00B61DB2 /* ViewController.xib */ = {
			isa = PBXVariantGroup;
			children = (
				82308E011790F47A00B61DB2 /* en */,
			);
			name = ViewController.xib;
			sourceTree = "<group>";
		};
/* End PBXVariantGroup section */

/* Begin XCBuildConfiguration section */
		82308E031790F47A00B61DB2 /* Debug */ = {
			isa = XCBuildConfiguration;
			buildSettings = {
				ALWAYS_SEARCH_USER_PATHS = NO;
				CLANG_CXX_LANGUAGE_STANDARD = "gnu++0x";
				CLANG_CXX_LIBRARY = "libc++";
				CLANG_ENABLE_OBJC_ARC = YES;
				CLANG_WARN_CONSTANT_CONVERSION = YES;
				CLANG_WARN_EMPTY_BODY = YES;
				CLANG_WARN_ENUM_CONVERSION = YES;
				CLANG_WARN_INT_CONVERSION = YES;
				CLANG_WARN__DUPLICATE_METHOD_MATCH = YES;
				"CODE_SIGN_IDENTITY[sdk=iphoneos*]" = "iPhone Developer";
				COPY_PHASE_STRIP = NO;
				GCC_C_LANGUAGE_STANDARD = gnu99;
				GCC_DYNAMIC_NO_PIC = NO;
				GCC_OPTIMIZATION_LEVEL = 0;
				GCC_PREPROCESSOR_DEFINITIONS = (
					"DEBUG=1",
					"$(inherited)",
				);
				GCC_SYMBOLS_PRIVATE_EXTERN = NO;
				GCC_WARN_ABOUT_RETURN_TYPE = YES;
				GCC_WARN_UNINITIALIZED_AUTOS = YES;
				GCC_WARN_UNUSED_VARIABLE = YES;
				IPHONEOS_DEPLOYMENT_TARGET = 6.1;
				ONLY_ACTIVE_ARCH = YES;
				SDKROOT = iphoneos;
			};
			name = Debug;
		};
		82308E041790F47A00B61DB2 /* Release */ = {
			isa = XCBuildConfiguration;
			buildSettings = {
				ALWAYS_SEARCH_USER_PATHS = NO;
				CLANG_CXX_LANGUAGE_STANDARD = "gnu++0x";
				CLANG_CXX_LIBRARY = "libc++";
				CLANG_ENABLE_OBJC_ARC = YES;
				CLANG_WARN_CONSTANT_CONVERSION = YES;
				CLANG_WARN_EMPTY_BODY = YES;
				CLANG_WARN_ENUM_CONVERSION = YES;
				CLANG_WARN_INT_CONVERSION = YES;
				CLANG_WARN__DUPLICATE_METHOD_MATCH = YES;
				"CODE_SIGN_IDENTITY[sdk=iphoneos*]" = "iPhone Developer";
				COPY_PHASE_STRIP = YES;
				GCC_C_LANGUAGE_STANDARD = gnu99;
				GCC_WARN_ABOUT_RETURN_TYPE = YES;
				GCC_WARN_UNINITIALIZED_AUTOS = YES;
				GCC_WARN_UNUSED_VARIABLE = YES;
				IPHONEOS_DEPLOYMENT_TARGET = 6.1;
				OTHER_CFLAGS = "-DNS_BLOCK_ASSERTIONS=1";
				SDKROOT = iphoneos;
				VALIDATE_PRODUCT = YES;
			};
			name = Release;
		};
		82308E061790F47A00B61DB2 /* Debug */ = {
			isa = XCBuildConfiguration;
			buildSettings = {
				GCC_PRECOMPILE_PREFIX_HEADER = YES;
				GCC_PREFIX_HEADER = "CantStop/CantStop-Prefix.pch";
				INFOPLIST_FILE = "CantStop/CantStop-Info.plist";
				IPHONEOS_DEPLOYMENT_TARGET = 6.1;
				PRODUCT_NAME = "$(TARGET_NAME)";
				WRAPPER_EXTENSION = app;
			};
			name = Debug;
		};
		82308E071790F47A00B61DB2 /* Release */ = {
			isa = XCBuildConfiguration;
			buildSettings = {
				GCC_PRECOMPILE_PREFIX_HEADER = YES;
				GCC_PREFIX_HEADER = "CantStop/CantStop-Prefix.pch";
				INFOPLIST_FILE = "CantStop/CantStop-Info.plist";
				IPHONEOS_DEPLOYMENT_TARGET = 6.1;
				PRODUCT_NAME = "$(TARGET_NAME)";
				WRAPPER_EXTENSION = app;
			};
			name = Release;
		};
/* End XCBuildConfiguration section */

/* Begin XCConfigurationList section */
		82308DDD1790F47A00B61DB2 /* Build configuration list for PBXProject "CantStop" */ = {
			isa = XCConfigurationList;
			buildConfigurations = (
				82308E031790F47A00B61DB2 /* Debug */,
				82308E041790F47A00B61DB2 /* Release */,
			);
			defaultConfigurationIsVisible = 0;
			defaultConfigurationName = Release;
		};
		82308E051790F47A00B61DB2 /* Build configuration list for PBXNativeTarget "CantStop" */ = {
			isa = XCConfigurationList;
			buildConfigurations = (
				82308E061790F47A00B61DB2 /* Debug */,
				82308E071790F47A00B61DB2 /* Release */,
			);
			defaultConfigurationIsVisible = 0;
			defaultConfigurationName = Release;
		};
/* End XCConfigurationList section */
	};
	rootObject = 82308DDA1790F47A00B61DB2 /* Project object */;
}
